
Microsoft Visual Studio Solution File, Format Version 12.00
# Visual Studio 15
VisualStudioVersion = 15.0.28307.757
MinimumVisualStudioVersion = 10.0.40219.1
Project("{FAE04EC0-301F-11D3-BF4B-00C04F79EFBC}") = "ExpectedIdSignException", "ExpectedIdSignException\ExpectedIdSignException.csproj", "{F23522E6-4EF2-4866-8C92-9237F5022954}"
EndProject
Global
	GlobalSection(SolutionConfigurationPlatforms) = preSolution
		Debug|Any CPU = Debug|Any CPU
		Release|Any CPU = Release|Any CPU
	EndGlobalSection
	GlobalSection(ProjectConfigurationPlatforms) = postSolution
		{F23522E6-4EF2-4866-8C92-9237F5022954}.Debug|Any CPU.ActiveCfg = Debug|Any CPU
		{F23522E6-4EF2-4866-8C92-9237F5022954}.Debug|Any CPU.Build.0 = Debug|Any CPU
		{F23522E6-4EF2-4866-8C92-9237F5022954}.Release|Any CPU.ActiveCfg = Release|Any CPU
		{F23522E6-4EF2-4866-8C92-9237F5022954}.Release|Any CPU.Build.0 = Release|Any CPU
	EndGlobalSection
	GlobalSection(SolutionProperties) = preSolution
		HideSolutionNode = FALSE
	EndGlobalSection
	GlobalSection(ExtensibilityGlobals) = postSolution
		SolutionGuid = {11308EEC-9F29-4B31-B76E-B5026CF532A2}
	EndGlobalSection
EndGlobal
